lockfileVersion: '9.0'

settings:
  autoInstallPeers: true
  excludeLinksFromLockfile: false

importers:

  .:
    dependencies:
      markdownov:
        specifier: file:../markdownov
        version: file:../markdownov

packages:

  '@benchristel/taste@0.6.0':
    resolution: {integrity: sha512-+PNsgwYRKgZQLCUGFCGLRbPTIpJYsyhMr5935ZjEdWlAjm6N0aj0jd80uGqNSgLJOhlmGCQhrZyzhPfXHJTBwg==}

  cities-list@1.0.3:
    resolution: {integrity: sha512-UadgzcZiV38TvJXlGymITRvvxaR5PtlrS2M+RJICyvRNp3TnOCPA/5ZZuRn8yG6SexKy1x9I+IwFctZ39XbI/Q==}

  en-inflectors@1.0.12:
    resolution: {integrity: sha512-G9wwJMx9DQQzwom8J8e8ErVpI6h/Z5BpYusJCE2Q/2NfgBNYCesyNaCOOskZAhOrw2nmR4D8nYAv4Xv/INIbzw==}

  en-lexicon@1.0.11:
    resolution: {integrity: sha512-eanOw9551H6jMRpRK023+Nlss5qnuAi99drXcSUzQySsMrB43teDNbin/AbpOfnemQiTtuZChXYm2kEIR1Mhmg==}

  en-pos@1.0.16:
    resolution: {integrity: sha512-b/tYA8NNl2fuXn55deB81RwW6S9bJqgYjNMVmltUZxT1JZEzNsWvkZpKiXfOe4RlsB2t5O3s1B/BgnXDOAO1Zw==}

  en-stemmer@1.0.3:
    resolution: {integrity: sha512-sBeYsHLqZWACn/mTRLAMdYb/A53s55r4/nCB2UjKK96EBuRQ4t4GKl4V1pW/0hvzdncfYlZRT+JSIRxCtoYqbA==}

  humannames@1.0.5:
    resolution: {integrity: sha512-FArOOhsfu1Rzc6wj8TZWTEpO/+TQOqhU0YNx+IyRaScE7HVanOwn8knN1OjjUngJOLaRqFSLjX0EzvMiNnT7zw==}

  markdownov@file:../markdownov:
    resolution: {directory: ../markdownov, type: directory}

  pos@0.4.2:
    resolution: {integrity: sha512-5HtivCe1HaOqjQZZNhtKrIR1zBvm2FLVVGl4b1poHPZDbXq1BEqYOlmWmetbzqrkRFITxPbEpVgpB03qNS4cSw==}
    engines: {node: '>=0'}

snapshots:

  '@benchristel/taste@0.6.0': {}

  cities-list@1.0.3: {}

  en-inflectors@1.0.12:
    dependencies:
      en-stemmer: 1.0.3

  en-lexicon@1.0.11:
    dependencies:
      en-inflectors: 1.0.12

  en-pos@1.0.16:
    dependencies:
      cities-list: 1.0.3
      en-inflectors: 1.0.12
      en-lexicon: 1.0.11
      humannames: 1.0.5

  en-stemmer@1.0.3: {}

  humannames@1.0.5: {}

  markdownov@file:../markdownov:
    dependencies:
      '@benchristel/taste': 0.6.0
      en-pos: 1.0.16
      pos: 0.4.2

  pos@0.4.2: {}
